{
  "name": "chatbot",
  "lockfileVersion": 3,
  "requires": true,
  "packages": {
    "": {
      "dependencies": {
        "@google/generative-ai": "^0.21.0",
        "dotenv": "^10.0.0",
        "win-shortcut": "^1.0.3",
        "windows-shortcuts": "^0.1.6"
      }
    },
    "node_modules/@google/generative-ai": {
      "version": "0.21.0",
      "resolved": "https://registry.npmjs.org/@google/generative-ai/-/generative-ai-0.21.0.tgz",
      "integrity": "sha512-7XhUbtnlkSEZK15kN3t+tzIMxsbKm/dSkKBFalj+20NvPKe1kBY7mR2P7vuijEn+f06z5+A8bVGKO0v39cr6Wg==",
      "engines": {
        "node": ">=18.0.0"
      }
    },
    "node_modules/dotenv": {
      "version": "10.0.0",
      "resolved": "https://registry.npmjs.org/dotenv/-/dotenv-10.0.0.tgz",
      "integrity": "sha512-rlBi9d8jpv9Sf1klPjNfFAuWDjKLwTIJJ/VxtoTwIR6hnZxcEOQCZg2oIL3MWBYw5GpUDKOEnND7LXTbIpQ03Q==",
      "engines": {
        "node": ">=10"
      }
    },
    "node_modules/win-shortcut": {
      "version": "1.0.3",
      "resolved": "https://registry.npmjs.org/win-shortcut/-/win-shortcut-1.0.3.tgz",
      "integrity": "sha512-BlCfDvh742LFFHih9lpP59jGgWsY8AAU4JqR6njWwz2wqAPnW9mtd2m25RRen8heBYAH6UcHGMMZbRFk7cknmg=="
    },
    "node_modules/windows-shortcuts": {
      "version": "0.1.6",
      "resolved": "https://registry.npmjs.org/windows-shortcuts/-/windows-shortcuts-0.1.6.tgz",
      "integrity": "sha512-kjkb3Hmmmg7jwnOb+29AOmoEEA1L/JeLsMOYovpLxYpuc+fN0R+pr8sMwep3JFhUZloxyw1XTzq8n3HugXkqBA=="
    }
  }
}
